// !$*UTF8*$!
{
	archiveVersion = 1;
	classes = {
	};
	objectVersion = 50;
	objects = {

/* Begin PBXBuildFile section */
		6683F8D62629413A00431640 /* AppDelegate.swift in Sources */ = {isa = PBXBuildFile; fileRef = 6683F8D52629413A00431640 /* AppDelegate.swift */; };
		6683F8D82629413A00431640 /* ViewController.swift in Sources */ = {isa = PBXBuildFile; fileRef = 6683F8D72629413A00431640 /* ViewController.swift */; };
		6683F8DB2629413A00431640 /* Main.storyboard in Resources */ = {isa = PBXBuildFile; fileRef = 6683F8D92629413A00431640 /* Main.storyboard */; };
		6683F8DD2629413E00431640 /* Assets.xcassets in Resources */ = {isa = PBXBuildFile; fileRef = 6683F8DC2629413E00431640 /* Assets.xcassets */; };
		6683F8E02629413E00431640 /* LaunchScreen.storyboard in Resources */ = {isa = PBXBuildFile; fileRef = 6683F8DE2629413E00431640 /* LaunchScreen.storyboard */; };
		6683F8EB2629413E00431640 /* FoodManager2021Tests.swift in Sources */ = {isa = PBXBuildFile; fileRef = 6683F8EA2629413E00431640 /* FoodManager2021Tests.swift */; };
/* End PBXBuildFile section */

/* Begin PBXContainerItemProxy section */
		6683F8E72629413E00431640 /* PBXContainerItemProxy */ = {
			isa = PBXContainerItemProxy;
			containerPortal = 6683F8CA2629413A00431640 /* Project object */;
			proxyType = 1;
			remoteGlobalIDString = 6683F8D12629413A00431640;
			remoteInfo = FoodManager2021;
		};
/* End PBXContainerItemProxy section */

/* Begin PBXFileReference section */
		6683F8D22629413A00431640 /* FoodManager2021.app */ = {isa = PBXFileReference; explicitFileType = wrapper.application; includeInIndex = 0; path = FoodManager2021.app; sourceTree = BUILT_PRODUCTS_DIR; };
		6683F8D52629413A00431640 /* AppDelegate.swift */ = {isa = PBXFileReference; lastKnownFileType = sourcecode.swift; path = AppDelegate.swift; sourceTree = "<group>"; };
		6683F8D72629413A00431640 /* ViewController.swift */ = {isa = PBXFileReference; lastKnownFileType = sourcecode.swift; path = ViewController.swift; sourceTree = "<group>"; };
		6683F8DA2629413A00431640 /* Base */ = {isa = PBXFileReference; lastKnownFileType = file.storyboard; name = Base; path = Base.lproj/Main.storyboard; sourceTree = "<group>"; };
		6683F8DC2629413E00431640 /* Assets.xcassets */ = {isa = PBXFileReference; lastKnownFileType = folder.assetcatalog; path = Assets.xcassets; sourceTree = "<group>"; };
		6683F8DF2629413E00431640 /* Base */ = {isa = PBXFileReference; lastKnownFileType = file.storyboard; name = Base; path = Base.lproj/LaunchScreen.storyboard; sourceTree = "<group>"; };
		6683F8E12629413E00431640 /* Info.plist */ = {isa = PBXFileReference; lastKnownFileType = text.plist.xml; path = Info.plist; sourceTree = "<group>"; };
		6683F8E62629413E00431640 /* FoodManager2021Tests.xctest */ = {isa = PBXFileReference; explicitFileType = wrapper.cfbundle; includeInIndex = 0; path = FoodManager2021Tests.xctest; sourceTree = BUILT_PRODUCTS_DIR; };
		6683F8EA2629413E00431640 /* FoodManager2021Tests.swift */ = {isa = PBXFileReference; lastKnownFileType = sourcecode.swift; path = FoodManager2021Tests.swift; sourceTree = "<group>"; };
		6683F8EC2629413E00431640 /* Info.plist */ = {isa = PBXFileReference; lastKnownFileType = text.plist.xml; path = Info.plist; sourceTree = "<group>"; };
/* End PBXFileReference section */

/* Begin PBXFrameworksBuildPhase section */
		6683F8CF2629413A00431640 /* Frameworks */ = {
			isa = PBXFrameworksBuildPhase;
			buildActionMask = 2147483647;
			files = (
			);
			runOnlyForDeploymentPostprocessing = 0;
		};
		6683F8E32629413E00431640 /* Frameworks */ = {
			isa = PBXFrameworksBuildPhase;
			buildActionMask = 2147483647;
			files = (
			);
			runOnlyForDeploymentPostprocessing = 0;
		};
/* End PBXFrameworksBuildPhase section */

/* Begin PBXGroup section */
		6683F8C92629413A00431640 = {
			isa = PBXGroup;
			children = (
				6683F8D42629413A00431640 /* FoodManager2021 */,
				6683F8E92629413E00431640 /* FoodManager2021Tests */,
				6683F8D32629413A00431640 /* Products */,
			);
			sourceTree = "<group>";
		};
		6683F8D32629413A00431640 /* Products */ = {
			isa = PBXGroup;
			children = (
				6683F8D22629413A00431640 /* FoodManager2021.app */,
				6683F8E62629413E00431640 /* FoodManager2021Tests.xctest */,
			);
			name = Products;
			sourceTree = "<group>";
		};
		6683F8D42629413A00431640 /* FoodManager2021 */ = {
			isa = PBXGroup;
			children = (
				6683F8D52629413A00431640 /* AppDelegate.swift */,
				6683F8D72629413A00431640 /* ViewController.swift */,
				6683F8D92629413A00431640 /* Main.storyboard */,
				6683F8DC2629413E00431640 /* Assets.xcassets */,
				6683F8DE2629413E00431640 /* LaunchScreen.storyboard */,
				6683F8E12629413E00431640 /* Info.plist */,
			);
			path = FoodManager2021;
			sourceTree = "<group>";
		};
		6683F8E92629413E00431640 /* FoodManager2021Tests */ = {
			isa = PBXGroup;
			children = (
				6683F8EA2629413E00431640 /* FoodManager2021Tests.swift */,
				6683F8EC2629413E00431640 /* Info.plist */,
			);
			path = FoodManager2021Tests;
			sourceTree = "<group>";
		};
/* End PBXGroup section */

/* Begin PBXNativeTarget section */
		6683F8D12629413A00431640 /* FoodManager2021 */ = {
			isa = PBXNativeTarget;
			buildConfigurationList = 6683F8EF2629413E00431640 /* Build configuration list for PBXNativeTarget "FoodManager2021" */;
			buildPhases = (
				6683F8CE2629413A00431640 /* Sources */,
				6683F8CF2629413A00431640 /* Frameworks */,
				6683F8D02629413A00431640 /* Resources */,
			);
			buildRules = (
			);
			dependencies = (
			);
			name = FoodManager2021;
			productName = FoodManager2021;
			productReference = 6683F8D22629413A00431640 /* FoodManager2021.app */;
			productType = "com.apple.product-type.application";
		};
		6683F8E52629413E00431640 /* FoodManager2021Tests */ = {
			isa = PBXNativeTarget;
			buildConfigurationList = 6683F8F22629413E00431640 /* Build configuration list for PBXNativeTarget "FoodManager2021Tests" */;
			buildPhases = (
				6683F8E22629413E00431640 /* Sources */,
				6683F8E32629413E00431640 /* Frameworks */,
				6683F8E42629413E00431640 /* Resources */,
			);
			buildRules = (
			);
			dependencies = (
				6683F8E82629413E00431640 /* PBXTargetDependency */,
			);
			name = FoodManager2021Tests;
			productName = FoodManager2021Tests;
			productReference = 6683F8E62629413E00431640 /* FoodManager2021Tests.xctest */;
			productType = "com.apple.product-type.bundle.unit-test";
		};
/* End PBXNativeTarget section */

/* Begin PBXProject section */
		6683F8CA2629413A00431640 /* Project object */ = {
			isa = PBXProject;
			attributes = {
				LastSwiftUpdateCheck = 1030;
				LastUpgradeCheck = 1030;
				ORGANIZATIONNAME = fit.tdc;
				TargetAttributes = {
					6683F8D12629413A00431640 = {
						CreatedOnToolsVersion = 10.3;
					};
					6683F8E52629413E00431640 = {
						CreatedOnToolsVersion = 10.3;
						TestTargetID = 6683F8D12629413A00431640;
					};
				};
			};
			buildConfigurationList = 6683F8CD2629413A00431640 /* Build configuration list for PBXProject "FoodManager2021" */;
			compatibilityVersion = "Xcode 9.3";
			developmentRegion = en;
			hasScannedForEncodings = 0;
			knownRegions = (
				en,
				Base,
			);
			mainGroup = 6683F8C92629413A00431640;
			productRefGroup = 6683F8D32629413A00431640 /* Products */;
			projectDirPath = "";
			projectRoot = "";
			targets = (
				6683F8D12629413A00431640 /* FoodManager2021 */,
				6683F8E52629413E00431640 /* FoodManager2021Tests */,
			);
		};
/* End PBXProject section */

/* Begin PBXResourcesBuildPhase section */
		6683F8D02629413A00431640 /* Resources */ = {
			isa = PBXResourcesBuildPhase;
			buildActionMask = 2147483647;
			files = (
				6683F8E02629413E00431640 /* LaunchScreen.storyboard in Resources */,
				6683F8DD2629413E00431640 /* Assets.xcassets in Resources */,
				6683F8DB2629413A00431640 /* Main.storyboard in Resources */,
			);
			runOnlyForDeploymentPostprocessing = 0;
		};
		6683F8E42629413E00431640 /* Resources */ = {
			isa = PBXResourcesBuildPhase;
			buildActionMask = 2147483647;
			files = (
			);
			runOnlyForDeploymentPostprocessing = 0;
		};
/* End PBXResourcesBuildPhase section */

/* Begin PBXSourcesBuildPhase section */
		6683F8CE2629413A00431640 /* Sources */ = {
			isa = PBXSourcesBuildPhase;
			buildActionMask = 2147483647;
			files = (
				6683F8D82629413A00431640 /* ViewController.swift in Sources */,
				6683F8D62629413A00431640 /* AppDelegate.swift in Sources */,
			);
			runOnlyForDeploymentPostprocessing = 0;
		};
		6683F8E22629413E00431640 /* Sources */ = {
			isa = PBXSourcesBuildPhase;
			buildActionMask = 2147483647;
			files = (
				6683F8EB2629413E00431640 /* FoodManager2021Tests.swift in Sources */,
			);
			runOnlyForDeploymentPostprocessing = 0;
		};
/* End PBXSourcesBuildPhase section */

/* Begin PBXTargetDependency section */
		6683F8E82629413E00431640 /* PBXTargetDependency */ = {
			isa = PBXTargetDependency;
			target = 6683F8D12629413A00431640 /* FoodManager2021 */;
			targetProxy = 6683F8E72629413E00431640 /* PBXContainerItemProxy */;
		};
/* End PBXTargetDependency section */

/* Begin PBXVariantGroup section */
		6683F8D92629413A00431640 /* Main.storyboard */ = {
			isa = PBXVariantGroup;
			children = (
				6683F8DA2629413A00431640 /* Base */,
			);
			name = Main.storyboard;
			sourceTree = "<group>";
		};
		6683F8DE2629413E00431640 /* LaunchScreen.storyboard */ = {
			isa = PBXVariantGroup;
			children = (
				6683F8DF2629413E00431640 /* Base */,
			);
			name = LaunchScreen.storyboard;
			sourceTree = "<group>";
		};
/* End PBXVariantGroup section */

/* Begin XCBuildConfiguration section */
		6683F8ED2629413E00431640 /* Debug */ = {
			isa = XCBuildConfiguration;
			buildSettings = {
				ALWAYS_SEARCH_USER_PATHS = NO;
				CLANG_ANALYZER_NONNULL = YES;
				CLANG_ANALYZER_NUMBER_OBJECT_CONVERSION = YES_AGGRESSIVE;
				CLANG_CXX_LANGUAGE_STANDARD = "gnu++14";
				CLANG_CXX_LIBRARY = "libc++";
				CLANG_ENABLE_MODULES = YES;
				CLANG_ENABLE_OBJC_ARC = YES;
				CLANG_ENABLE_OBJC_WEAK = YES;
				CLANG_WARN_BLOCK_CAPTURE_AUTORELEASING = YES;
				CLANG_WARN_BOOL_CONVERSION = YES;
				CLANG_WARN_COMMA = YES;
				CLANG_WARN_CONSTANT_CONVERSION = YES;
				CLANG_WARN_DEPRECATED_OBJC_IMPLEMENTATIONS = YES;
				CLANG_WARN_DIRECT_OBJC_ISA_USAGE = YES_ERROR;
				CLANG_WARN_DOCUMENTATION_COMMENTS = YES;
				CLANG_WARN_EMPTY_BODY = YES;
				CLANG_WARN_ENUM_CONVERSION = YES;
				CLANG_WARN_INFINITE_RECURSION = YES;
				CLANG_WARN_INT_CONVERSION = YES;
				CLANG_WARN_NON_LITERAL_NULL_CONVERSION = YES;
				CLANG_WARN_OBJC_IMPLICIT_RETAIN_SELF = YES;
				CLANG_WARN_OBJC_LITERAL_CONVERSION = YES;
				CLANG_WARN_OBJC_ROOT_CLASS = YES_ERROR;
				CLANG_WARN_RANGE_LOOP_ANALYSIS = YES;
				CLANG_WARN_STRICT_PROTOTYPES = YES;
				CLANG_WARN_SUSPICIOUS_MOVE = YES;
				CLANG_WARN_UNGUARDED_AVAILABILITY = YES_AGGRESSIVE;
				CLANG_WARN_UNREACHABLE_CODE = YES;
				CLANG_WARN__DUPLICATE_METHOD_MATCH = YES;
				CODE_SIGN_IDENTITY = "iPhone Developer";
				COPY_PHASE_STRIP = NO;
				DEBUG_INFORMATION_FORMAT = dwarf;
				ENABLE_STRICT_OBJC_MSGSEND = YES;
				ENABLE_TESTABILITY = YES;
				GCC_C_LANGUAGE_STANDARD = gnu11;
				GCC_DYNAMIC_NO_PIC = NO;
				GCC_NO_COMMON_BLOCKS = YES;
				GCC_OPTIMIZATION_LEVEL = 0;
				GCC_PREPROCESSOR_DEFINITIONS = (
					"DEBUG=1",
					"$(inherited)",
				);
				GCC_WARN_64_TO_32_BIT_CONVERSION = YES;
				GCC_WARN_ABOUT_RETURN_TYPE = YES_ERROR;
				GCC_WARN_UNDECLARED_SELECTOR = YES;
				GCC_WARN_UNINITIALIZED_AUTOS = YES_AGGRESSIVE;
				GCC_WARN_UNUSED_FUNCTION = YES;
				GCC_WARN_UNUSED_VARIABLE = YES;
				IPHONEOS_DEPLOYMENT_TARGET = 12.4;
				MTL_ENABLE_DEBUG_INFO = INCLUDE_SOURCE;
				MTL_FAST_MATH = YES;
				ONLY_ACTIVE_ARCH = YES;
				SDKROOT = iphoneos;
				SWIFT_ACTIVE_COMPILATION_CONDITIONS = DEBUG;
				SWIFT_OPTIMIZATION_LEVEL = "-Onone";
			};
			name = Debug;
		};
		6683F8EE2629413E00431640 /* Release */ = {
			isa = XCBuildConfiguration;
			buildSettings = {
				ALWAYS_SEARCH_USER_PATHS = NO;
				CLANG_ANALYZER_NONNULL = YES;
				CLANG_ANALYZER_NUMBER_OBJECT_CONVERSION = YES_AGGRESSIVE;
				CLANG_CXX_LANGUAGE_STANDARD = "gnu++14";
				CLANG_CXX_LIBRARY = "libc++";
				CLANG_ENABLE_MODULES = YES;
				CLANG_ENABLE_OBJC_ARC = YES;
				CLANG_ENABLE_OBJC_WEAK = YES;
				CLANG_WARN_BLOCK_CAPTURE_AUTORELEASING = YES;
				CLANG_WARN_BOOL_CONVERSION = YES;
				CLANG_WARN_COMMA = YES;
				CLANG_WARN_CONSTANT_CONVERSION = YES;
				CLANG_WARN_DEPRECATED_OBJC_IMPLEMENTATIONS = YES;
				CLANG_WARN_DIRECT_OBJC_ISA_USAGE = YES_ERROR;
				CLANG_WARN_DOCUMENTATION_COMMENTS = YES;
				CLANG_WARN_EMPTY_BODY = YES;
				CLANG_WARN_ENUM_CONVERSION = YES;
				CLANG_WARN_INFINITE_RECURSION = YES;
				CLANG_WARN_INT_CONVERSION = YES;
				CLANG_WARN_NON_LITERAL_NULL_CONVERSION = YES;
				CLANG_WARN_OBJC_IMPLICIT_RETAIN_SELF = YES;
				CLANG_WARN_OBJC_LITERAL_CONVERSION = YES;
				CLANG_WARN_OBJC_ROOT_CLASS = YES_ERROR;
				CLANG_WARN_RANGE_LOOP_ANALYSIS = YES;
				CLANG_WARN_STRICT_PROTOTYPES = YES;
				CLANG_WARN_SUSPICIOUS_MOVE = YES;
				CLANG_WARN_UNGUARDED_AVAILABILITY = YES_AGGRESSIVE;
				CLANG_WARN_UNREACHABLE_CODE = YES;
				CLANG_WARN__DUPLICATE_METHOD_MATCH = YES;
				CODE_SIGN_IDENTITY = "iPhone Developer";
				COPY_PHASE_STRIP = NO;
				DEBUG_INFORMATION_FORMAT = "dwarf-with-dsym";
				ENABLE_NS_ASSERTIONS = NO;
				ENABLE_STRICT_OBJC_MSGSEND = YES;
				GCC_C_LANGUAGE_STANDARD = gnu11;
				GCC_NO_COMMON_BLOCKS = YES;
				GCC_WARN_64_TO_32_BIT_CONVERSION = YES;
				GCC_WARN_ABOUT_RETURN_TYPE = YES_ERROR;
				GCC_WARN_UNDECLARED_SELECTOR = YES;
				GCC_WARN_UNINITIALIZED_AUTOS = YES_AGGRESSIVE;
				GCC_WARN_UNUSED_FUNCTION = YES;
				GCC_WARN_UNUSED_VARIABLE = YES;
				IPHONEOS_DEPLOYMENT_TARGET = 12.4;
				MTL_ENABLE_DEBUG_INFO = NO;
				MTL_FAST_MATH = YES;
				SDKROOT = iphoneos;
				SWIFT_COMPILATION_MODE = wholemodule;
				SWIFT_OPTIMIZATION_LEVEL = "-O";
				VALIDATE_PRODUCT = YES;
			};
			name = Release;
		};
		6683F8F02629413E00431640 /* Debug */ = {
			isa = XCBuildConfiguration;
			buildSettings = {
				ASSETCATALOG_COMPILER_APPICON_NAME = AppIcon;
				CODE_SIGN_STYLE = Automatic;
				INFOPLIST_FILE = FoodManager2021/Info.plist;
				LD_RUNPATH_SEARCH_PATHS = (
					"$(inherited)",
					"@executable_path/Frameworks",
				);
				PRODUCT_BUNDLE_IDENTIFIER = vn.tdc.edu.FoodManager2021;
				PRODUCT_NAME = "$(TARGET_NAME)";
				SWIFT_VERSION = 5.0;
				TARGETED_DEVICE_FAMILY = "1,2";
			};
			name = Debug;
		};
		6683F8F12629413E00431640 /* Release */ = {
			isa = XCBuildConfiguration;
			buildSettings = {
				ASSETCATALOG_COMPILER_APPICON_NAME = AppIcon;
				CODE_SIGN_STYLE = Automatic;
				INFOPLIST_FILE = FoodManager2021/Info.plist;
				LD_RUNPATH_SEARCH_PATHS = (
					"$(inherited)",
					"@executable_path/Frameworks",
				);
				PRODUCT_BUNDLE_IDENTIFIER = vn.tdc.edu.FoodManager2021;
				PRODUCT_NAME = "$(TARGET_NAME)";
				SWIFT_VERSION = 5.0;
				TARGETED_DEVICE_FAMILY = "1,2";
			};
			name = Release;
		};
		6683F8F32629413E00431640 /* Debug */ = {
			isa = XCBuildConfiguration;
			buildSettings = {
				ALWAYS_EMBED_SWIFT_STANDARD_LIBRARIES = YES;
				BUNDLE_LOADER = "$(TEST_HOST)";
				CODE_SIGN_STYLE = Automatic;
				INFOPLIST_FILE = FoodManager2021Tests/Info.plist;
				LD_RUNPATH_SEARCH_PATHS = (
					"$(inherited)",
					"@executable_path/Frameworks",
					"@loader_path/Frameworks",
				);
				PRODUCT_BUNDLE_IDENTIFIER = vn.tdc.edu.FoodManager2021Tests;
				PRODUCT_NAME = "$(TARGET_NAME)";
				SWIFT_VERSION = 5.0;
				TARGETED_DEVICE_FAMILY = "1,2";
				TEST_HOST = "$(BUILT_PRODUCTS_DIR)/FoodManager2021.app/FoodManager2021";
			};
			name = Debug;
		};
		6683F8F42629413E00431640 /* Release */ = {
			isa = XCBuildConfiguration;
			buildSettings = {
				ALWAYS_EMBED_SWIFT_STANDARD_LIBRARIES = YES;
				BUNDLE_LOADER = "$(TEST_HOST)";
				CODE_SIGN_STYLE = Automatic;
				INFOPLIST_FILE = FoodManager2021Tests/Info.plist;
				LD_RUNPATH_SEARCH_PATHS = (
					"$(inherited)",
					"@executable_path/Frameworks",
					"@loader_path/Frameworks",
				);
				PRODUCT_BUNDLE_IDENTIFIER = vn.tdc.edu.FoodManager2021Tests;
				PRODUCT_NAME = "$(TARGET_NAME)";
				SWIFT_VERSION = 5.0;
				TARGETED_DEVICE_FAMILY = "1,2";
				TEST_HOST = "$(BUILT_PRODUCTS_DIR)/FoodManager2021.app/FoodManager2021";
			};
			name = Release;
		};
/* End XCBuildConfiguration section */

/* Begin XCConfigurationList section */
		6683F8CD2629413A00431640 /* Build configuration list for PBXProject "FoodManager2021" */ = {
			isa = XCConfigurationList;
			buildConfigurations = (
				6683F8ED2629413E00431640 /* Debug */,
				6683F8EE2629413E00431640 /* Release */,
			);
			defaultConfigurationIsVisible = 0;
			defaultConfigurationName = Release;
		};
		6683F8EF2629413E00431640 /* Build configuration list for PBXNativeTarget "FoodManager2021" */ = {
			isa = XCConfigurationList;
			buildConfigurations = (
				6683F8F02629413E00431640 /* Debug */,
				6683F8F12629413E00431640 /* Release */,
			);
			defaultConfigurationIsVisible = 0;
			defaultConfigurationName = Release;
		};
		6683F8F22629413E00431640 /* Build configuration list for PBXNativeTarget "FoodManager2021Tests" */ = {
			isa = XCConfigurationList;
			buildConfigurations = (
				6683F8F32629413E00431640 /* Debug */,
				6683F8F42629413E00431640 /* Release */,
			);
			defaultConfigurationIsVisible = 0;
			defaultConfigurationName = Release;
		};
/* End XCConfigurationList section */
	};
	rootObject = 6683F8CA2629413A00431640 /* Project object */;
}
